{
  "version": 4,
  "terraform_version": "0.14.7",
  "serial": 35,
  "lineage": "882e49e8-6062-888f-e857-30dc6fdef693",
  "outputs": {
    "database_url": {
      "value": "qa-redshift-cluster.cuzz3vbarbrm.us-east-2.redshift.amazonaws.com:5439",
      "type": "string"
    }
  },
  "resources": [
    {
      "mode": "data",
      "type": "terraform_remote_state",
      "name": "aws_iam_role",
      "provider": "provider[\"terraform.io/builtin/terraform\"]",
      "instances": [
        {
          "schema_version": 0,
          "attributes": {
            "backend": "local",
            "config": {
              "value": {
                "path": "./../aws_iam_role/terraform.tfstate"
              },
              "type": [
                "object",
                {
                  "path": "string"
                }
              ]
            },
            "defaults": null,
            "outputs": {
              "value": {
                "iam_policy_arn": "arn:aws:iam::427128480243:policy/s3_terraform_policy",
                "iam_role_arn": "arn:aws:iam::427128480243:role/my_custom_redshift_role"
              },
              "type": [
                "object",
                {
                  "iam_policy_arn": "string",
                  "iam_role_arn": "string"
                }
              ]
            },
            "workspace": null
          },
          "sensitive_attributes": []
        }
      ]
    },
    {
      "mode": "data",
      "type": "terraform_remote_state",
      "name": "aws_vpc",
      "provider": "provider[\"terraform.io/builtin/terraform\"]",
      "instances": [
        {
          "schema_version": 0,
          "attributes": {
            "backend": "local",
            "config": {
              "value": {
                "path": "./../aws_custom_vpc/terraform.tfstate"
              },
              "type": [
                "object",
                {
                  "path": "string"
                }
              ]
            },
            "defaults": null,
            "outputs": {
              "value": {
                "private_subnet_id": "subnet-0aa15f5197f55ac41",
                "public_subnet_id": "subnet-0a6fdb25a67f55504",
                "redshift_subnet_group_output": "terraform-redshift-subnet-group",
                "vpc_arn": "arn:aws:ec2:us-east-2:427128480243:vpc/vpc-0a3eb99443341cfe9",
                "vpc_id": "vpc-0a3eb99443341cfe9"
              },
              "type": [
                "object",
                {
                  "private_subnet_id": "string",
                  "public_subnet_id": "string",
                  "redshift_subnet_group_output": "string",
                  "vpc_arn": "string",
                  "vpc_id": "string"
                }
              ]
            },
            "workspace": null
          },
          "sensitive_attributes": []
        }
      ]
    },
    {
      "mode": "managed",
      "type": "aws_redshift_cluster",
      "name": "cluster_redshift_cluster",
      "provider": "provider[\"registry.terraform.io/hashicorp/aws\"]",
      "instances": [
        {
          "schema_version": 0,
          "attributes": {
            "allow_version_upgrade": true,
            "arn": "arn:aws:redshift:us-east-2:427128480243:cluster:qa-redshift-cluster",
            "automated_snapshot_retention_period": 1,
            "availability_zone": "us-east-2a",
            "cluster_identifier": "qa-redshift-cluster",
            "cluster_parameter_group_name": "default.redshift-1.0",
            "cluster_public_key": "ssh-rsa AAAAB3NzaC1yc2EAAAADAQABAAABAQCSgODw/BU/N/l7MFDVDlyavoTEI90710M//o1ETxqerpYBdQeOEyFOWZJU6uFT/o2WvHXb9eID8xGd+2IErrVXNTevY+HETA/VdXKN1+mf6ECzBDi8ETfGwoxfWLvT9aA/s5ZfWyOgDUV8O/40gNDVWkMnNOSVhzBtfdjNdlOvFjxRrNjpjs4lKt2OyJxwD4RbQxqzp6rz8vzjLo2tOgQvXUek1BUvbUCdm76EAWFQQgaQ1qo7bVtNHBhvXqDXT2qCAuQSEx/nRuOTg1Xce+tvDPHnWB4h3xh1Mu1DL8AYHdFA7O2XuFMvr6tiarX1yGL9II/MkfwiSsO2A1zWa+kt Amazon-Redshift\n",
            "cluster_revision_number": "24757",
            "cluster_security_groups": [],
            "cluster_subnet_group_name": "terraform-redshift-subnet-group",
            "cluster_type": "single-node",
            "cluster_version": "1.0",
            "database_name": "qawarehouse",
            "dns_name": "qa-redshift-cluster.cuzz3vbarbrm.us-east-2.redshift.amazonaws.com",
            "elastic_ip": null,
            "encrypted": false,
            "endpoint": "qa-redshift-cluster.cuzz3vbarbrm.us-east-2.redshift.amazonaws.com:5439",
            "enhanced_vpc_routing": false,
            "final_snapshot_identifier": "false",
            "iam_roles": [
              "arn:aws:iam::427128480243:role/my_custom_redshift_role"
            ],
            "id": "qa-redshift-cluster",
            "kms_key_id": "",
            "logging": [
              {
                "bucket_name": "",
                "enable": false,
                "s3_key_prefix": ""
              }
            ],
            "master_password": "Sample_password1808",
            "master_username": "deepak",
            "node_type": "dc2.large",
            "number_of_nodes": 1,
            "owner_account": null,
            "port": 5439,
            "preferred_maintenance_window": "tue:07:00-tue:07:30",
            "publicly_accessible": false,
            "skip_final_snapshot": true,
            "snapshot_cluster_identifier": null,
            "snapshot_copy": [],
            "snapshot_identifier": null,
            "tags": null,
            "timeouts": null,
            "vpc_security_group_ids": [
              "sg-008fd4f6f8c1fabff"
            ]
          },
          "sensitive_attributes": [],
          "private": "eyJlMmJmYjczMC1lY2FhLTExZTYtOGY4OC0zNDM2M2JjN2M0YzAiOnsiY3JlYXRlIjo0NTAwMDAwMDAwMDAwLCJkZWxldGUiOjI0MDAwMDAwMDAwMDAsInVwZGF0ZSI6NDUwMDAwMDAwMDAwMH19",
          "dependencies": [
            "aws_security_group.my_security_group",
            "data.terraform_remote_state.aws_iam_role",
            "data.terraform_remote_state.aws_vpc"
          ]
        }
      ]
    },
    {
      "mode": "managed",
      "type": "aws_security_group",
      "name": "my_security_group",
      "provider": "provider[\"registry.terraform.io/hashicorp/aws\"]",
      "instances": [
        {
          "schema_version": 1,
          "attributes": {
            "arn": "arn:aws:ec2:us-east-2:427128480243:security-group/sg-008fd4f6f8c1fabff",
            "description": "The security group for redshift",
            "egress": [
              {
                "cidr_blocks": [
                  "0.0.0.0/0"
                ],
                "description": "",
                "from_port": 0,
                "ipv6_cidr_blocks": [],
                "prefix_list_ids": [],
                "protocol": "-1",
                "security_groups": [],
                "self": false,
                "to_port": 0
              }
            ],
            "id": "sg-008fd4f6f8c1fabff",
            "ingress": [
              {
                "cidr_blocks": [
                  "24.29.75.132/32"
                ],
                "description": "",
                "from_port": 5439,
                "ipv6_cidr_blocks": [],
                "prefix_list_ids": [],
                "protocol": "tcp",
                "security_groups": [],
                "self": false,
                "to_port": 5439
              }
            ],
            "name": "redshift_security_group",
            "name_prefix": "",
            "owner_id": "427128480243",
            "revoke_rules_on_delete": false,
            "tags": {
              "Name": "Redshift_Security_Group"
            },
            "timeouts": null,
            "vpc_id": "vpc-0a3eb99443341cfe9"
          },
          "sensitive_attributes": [],
          "private": "eyJlMmJmYjczMC1lY2FhLTExZTYtOGY4OC0zNDM2M2JjN2M0YzAiOnsiY3JlYXRlIjo2MDAwMDAwMDAwMDAsImRlbGV0ZSI6NjAwMDAwMDAwMDAwfSwic2NoZW1hX3ZlcnNpb24iOiIxIn0=",
          "dependencies": [
            "data.terraform_remote_state.aws_vpc"
          ]
        }
      ]
    }
  ]
}
