{
  "version": 4,
  "terraform_version": "0.14.8",
  "serial": 47,
  "lineage": "491e3467-9203-e2ba-2e79-0c20770a3034",
  "outputs": {
    "iam_policy_arn": {
      "value": "arn:aws:iam::427128480243:policy/s3_terraform_policy",
      "type": "string"
    },
    "iam_role_arn": {
      "value": "arn:aws:iam::427128480243:role/my_custom_redshift_role",
      "type": "string"
    }
  },
  "resources": [
    {
      "mode": "managed",
      "type": "aws_iam_policy",
      "name": "s3_policy_terraform",
      "provider": "provider[\"registry.terraform.io/hashicorp/aws\"]",
      "instances": [
        {
          "schema_version": 0,
          "attributes": {
            "arn": "arn:aws:iam::427128480243:policy/s3_terraform_policy",
            "description": "the policy to be attached to iam role",
            "id": "arn:aws:iam::427128480243:policy/s3_terraform_policy",
            "name": "s3_terraform_policy",
            "name_prefix": null,
            "path": "/",
            "policy": "{\"Statement\":[{\"Action\":[\"s3:PutObject\",\"s3:GetObject\",\"s3:ListBucket\"],\"Effect\":\"Allow\",\"Resource\":[\"arn:aws:s3:::nyeis-uat-data\",\"arn:aws:s3:::nyeis-uat-data/*\"]}],\"Version\":\"2012-10-17\"}"
          },
          "sensitive_attributes": [],
          "private": "bnVsbA=="
        }
      ]
    },
    {
      "mode": "managed",
      "type": "aws_iam_role",
      "name": "my_cutsomizable_redift_role",
      "provider": "provider[\"registry.terraform.io/hashicorp/aws\"]",
      "instances": [
        {
          "schema_version": 0,
          "attributes": {
            "arn": "arn:aws:iam::427128480243:role/my_custom_redshift_role",
            "assume_role_policy": "{\"Version\":\"2012-10-17\",\"Statement\":[{\"Effect\":\"Allow\",\"Principal\":{\"Service\":\"redshift.amazonaws.com\"},\"Action\":\"sts:AssumeRole\"}]}",
            "create_date": "2021-03-24T04:46:01Z",
            "description": "",
            "force_detach_policies": false,
            "id": "my_custom_redshift_role",
            "inline_policy": [
              {
                "name": "",
                "policy": ""
              }
            ],
            "managed_policy_arns": [],
            "max_session_duration": 3600,
            "name": "my_custom_redshift_role",
            "name_prefix": null,
            "path": "/",
            "permissions_boundary": null,
            "tags": null,
            "unique_id": "AROAWG4WXMHZ3PMOGGJIB"
          },
          "sensitive_attributes": [],
          "private": "bnVsbA==",
          "dependencies": [
            "aws_iam_policy.s3_policy_terraform"
          ]
        }
      ]
    },
    {
      "mode": "managed",
      "type": "aws_iam_role_policy_attachment",
      "name": "policy_attachment",
      "provider": "provider[\"registry.terraform.io/hashicorp/aws\"]",
      "instances": [
        {
          "schema_version": 0,
          "attributes": {
            "id": "my_custom_redshift_role-20210324044603954900000001",
            "policy_arn": "arn:aws:iam::427128480243:policy/s3_terraform_policy",
            "role": "my_custom_redshift_role"
          },
          "sensitive_attributes": [],
          "private": "bnVsbA==",
          "dependencies": [
            "aws_iam_policy.s3_policy_terraform",
            "aws_iam_role.my_cutsomizable_redift_role"
          ]
        }
      ]
    }
  ]
}
